// !$*UTF8*$!
{
	archiveVersion = 1;
	classes = {
	};
	objectVersion = 77;
	objects = {

/* Begin PBXBuildFile section */
		2C581DA92D90D1E900F28BF1 /* FunFactsView.swift in Sources */ = {isa = PBXBuildFile; fileRef = 2C581DA82D90D1E900F28BF1 /* FunFactsView.swift */; };
		2C581DAB2D90D1EF00F28BF1 /* HomeView.swift in Sources */ = {isa = PBXBuildFile; fileRef = 2C581DAA2D90D1EF00F28BF1 /* HomeView.swift */; };
		2C581DAD2D90D1F300F28BF1 /* StoryView.swift in Sources */ = {isa = PBXBuildFile; fileRef = 2C581DAC2D90D1F300F28BF1 /* StoryView.swift */; };
		2C581DAF2D90D1F800F28BF1 /* YourTab.swift in Sources */ = {isa = PBXBuildFile; fileRef = 2C581DAE2D90D1F800F28BF1 /* YourTab.swift */; };
/* End PBXBuildFile section */

/* Begin PBXFileReference section */
		2C581D952D90CFBA00F28BF1 /* AboutMe-Advanced.app */ = {isa = PBXFileReference; explicitFileType = wrapper.application; includeInIndex = 0; path = "AboutMe-Advanced.app"; sourceTree = BUILT_PRODUCTS_DIR; };
		2C581DA82D90D1E900F28BF1 /* FunFactsView.swift */ = {isa = PBXFileReference; lastKnownFileType = sourcecode.swift; path = FunFactsView.swift; sourceTree = "<group>"; };
		2C581DAA2D90D1EF00F28BF1 /* HomeView.swift */ = {isa = PBXFileReference; lastKnownFileType = sourcecode.swift; path = HomeView.swift; sourceTree = "<group>"; };
		2C581DAC2D90D1F300F28BF1 /* StoryView.swift */ = {isa = PBXFileReference; lastKnownFileType = sourcecode.swift; path = StoryView.swift; sourceTree = "<group>"; };
		2C581DAE2D90D1F800F28BF1 /* YourTab.swift */ = {isa = PBXFileReference; lastKnownFileType = sourcecode.swift; path = YourTab.swift; sourceTree = "<group>"; };
/* End PBXFileReference section */

/* Begin PBXFileSystemSynchronizedRootGroup section */
		2C581D972D90CFBA00F28BF1 /* AboutMe-Advanced */ = {
			isa = PBXFileSystemSynchronizedRootGroup;
			path = "AboutMe-Advanced";
			sourceTree = "<group>";
		};
		2C581DD62D90D38800F28BF1 /* Favorites */ = {
			isa = PBXFileSystemSynchronizedRootGroup;
			path = Favorites;
			sourceTree = "<group>";
		};
		2C581DEA2D90D42A00F28BF1 /* FavoriteItem */ = {
			isa = PBXFileSystemSynchronizedRootGroup;
			path = FavoriteItem;
			sourceTree = "<group>";
		};
/* End PBXFileSystemSynchronizedRootGroup section */

/* Begin PBXFrameworksBuildPhase section */
		2C581D922D90CFBA00F28BF1 /* Frameworks */ = {
			isa = PBXFrameworksBuildPhase;
			buildActionMask = 2147483647;
			files = (
			);
			runOnlyForDeploymentPostprocessing = 0;
		};
/* End PBXFrameworksBuildPhase section */

/* Begin PBXGroup section */
		2C581D8C2D90CFBA00F28BF1 = {
			isa = PBXGroup;
			children = (
				2C581DEA2D90D42A00F28BF1 /* FavoriteItem */,
				2C581D972D90CFBA00F28BF1 /* AboutMe-Advanced */,
				2C581D962D90CFBA00F28BF1 /* Products */,
				2C581DD62D90D38800F28BF1 /* Favorites */,
				2C581DD92D90D3A600F28BF1 /* FunFacts */,
				2C581DDC2D90D3C200F28BF1 /* Home */,
				2C581DDF2D90D3DB00F28BF1 /* Story */,
				2C581DE22D90D3F000F28BF1 /* YourFeature */,
			);
			sourceTree = "<group>";
		};
		2C581D962D90CFBA00F28BF1 /* Products */ = {
			isa = PBXGroup;
			children = (
				2C581D952D90CFBA00F28BF1 /* AboutMe-Advanced.app */,
			);
			name = Products;
			sourceTree = "<group>";
		};
		2C581DD92D90D3A600F28BF1 /* FunFacts */ = {
			isa = PBXGroup;
			children = (
				2C581DDB2D90D3B400F28BF1 /* Data */,
				2C581DDA2D90D3AF00F28BF1 /* View */,
			);
			path = FunFacts;
			sourceTree = "<group>";
		};
		2C581DDA2D90D3AF00F28BF1 /* View */ = {
			isa = PBXGroup;
			children = (
				2C581DA82D90D1E900F28BF1 /* FunFactsView.swift */,
			);
			path = View;
			sourceTree = "<group>";
		};
		2C581DDB2D90D3B400F28BF1 /* Data */ = {
			isa = PBXGroup;
			children = (
			);
			path = Data;
			sourceTree = "<group>";
		};
		2C581DDC2D90D3C200F28BF1 /* Home */ = {
			isa = PBXGroup;
			children = (
				2C581DDE2D90D3CC00F28BF1 /* Data */,
				2C581DDD2D90D3C800F28BF1 /* View */,
			);
			path = Home;
			sourceTree = "<group>";
		};
		2C581DDD2D90D3C800F28BF1 /* View */ = {
			isa = PBXGroup;
			children = (
				2C581DAA2D90D1EF00F28BF1 /* HomeView.swift */,
			);
			path = View;
			sourceTree = "<group>";
		};
		2C581DDE2D90D3CC00F28BF1 /* Data */ = {
			isa = PBXGroup;
			children = (
			);
			path = Data;
			sourceTree = "<group>";
		};
		2C581DDF2D90D3DB00F28BF1 /* Story */ = {
			isa = PBXGroup;
			children = (
				2C581DE12D90D3E400F28BF1 /* Data */,
				2C581DE02D90D3E000F28BF1 /* View */,
			);
			path = Story;
			sourceTree = "<group>";
		};
		2C581DE02D90D3E000F28BF1 /* View */ = {
			isa = PBXGroup;
			children = (
				2C581DAC2D90D1F300F28BF1 /* StoryView.swift */,
			);
			path = View;
			sourceTree = "<group>";
		};
		2C581DE12D90D3E400F28BF1 /* Data */ = {
			isa = PBXGroup;
			children = (
			);
			path = Data;
			sourceTree = "<group>";
		};
		2C581DE22D90D3F000F28BF1 /* YourFeature */ = {
			isa = PBXGroup;
			children = (
				2C581DE42D90D3FD00F28BF1 /* Data */,
				2C581DE32D90D3F800F28BF1 /* View */,
			);
			path = YourFeature;
			sourceTree = "<group>";
		};
		2C581DE32D90D3F800F28BF1 /* View */ = {
			isa = PBXGroup;
			children = (
				2C581DAE2D90D1F800F28BF1 /* YourTab.swift */,
			);
			path = View;
			sourceTree = "<group>";
		};
		2C581DE42D90D3FD00F28BF1 /* Data */ = {
			isa = PBXGroup;
			children = (
			);
			path = Data;
			sourceTree = "<group>";
		};
/* End PBXGroup section */

/* Begin PBXNativeTarget section */
		2C581D942D90CFBA00F28BF1 /* AboutMe-Advanced */ = {
			isa = PBXNativeTarget;
			buildConfigurationList = 2C581DA32D90CFBB00F28BF1 /* Build configuration list for PBXNativeTarget "AboutMe-Advanced" */;
			buildPhases = (
				2C581D912D90CFBA00F28BF1 /* Sources */,
				2C581D922D90CFBA00F28BF1 /* Frameworks */,
				2C581D932D90CFBA00F28BF1 /* Resources */,
			);
			buildRules = (
			);
			dependencies = (
			);
			fileSystemSynchronizedGroups = (
				2C581D972D90CFBA00F28BF1 /* AboutMe-Advanced */,
				2C581DD62D90D38800F28BF1 /* Favorites */,
				2C581DEA2D90D42A00F28BF1 /* FavoriteItem */,
			);
			name = "AboutMe-Advanced";
			packageProductDependencies = (
			);
			productName = "AboutMe-Advanced";
			productReference = 2C581D952D90CFBA00F28BF1 /* AboutMe-Advanced.app */;
			productType = "com.apple.product-type.application";
		};
/* End PBXNativeTarget section */

/* Begin PBXProject section */
		2C581D8D2D90CFBA00F28BF1 /* Project object */ = {
			isa = PBXProject;
			attributes = {
				BuildIndependentTargetsInParallel = 1;
				LastSwiftUpdateCheck = 1620;
				LastUpgradeCheck = 1620;
				TargetAttributes = {
					2C581D942D90CFBA00F28BF1 = {
						CreatedOnToolsVersion = 16.2;
					};
				};
			};
			buildConfigurationList = 2C581D902D90CFBA00F28BF1 /* Build configuration list for PBXProject "AboutMe-Advanced" */;
			developmentRegion = en;
			hasScannedForEncodings = 0;
			knownRegions = (
				en,
				Base,
			);
			mainGroup = 2C581D8C2D90CFBA00F28BF1;
			minimizedProjectReferenceProxies = 1;
			preferredProjectObjectVersion = 77;
			productRefGroup = 2C581D962D90CFBA00F28BF1 /* Products */;
			projectDirPath = "";
			projectRoot = "";
			targets = (
				2C581D942D90CFBA00F28BF1 /* AboutMe-Advanced */,
			);
		};
/* End PBXProject section */

/* Begin PBXResourcesBuildPhase section */
		2C581D932D90CFBA00F28BF1 /* Resources */ = {
			isa = PBXResourcesBuildPhase;
			buildActionMask = 2147483647;
			files = (
			);
			runOnlyForDeploymentPostprocessing = 0;
		};
/* End PBXResourcesBuildPhase section */

/* Begin PBXSourcesBuildPhase section */
		2C581D912D90CFBA00F28BF1 /* Sources */ = {
			isa = PBXSourcesBuildPhase;
			buildActionMask = 2147483647;
			files = (
				2C581DAF2D90D1F800F28BF1 /* YourTab.swift in Sources */,
				2C581DAD2D90D1F300F28BF1 /* StoryView.swift in Sources */,
				2C581DA92D90D1E900F28BF1 /* FunFactsView.swift in Sources */,
				2C581DAB2D90D1EF00F28BF1 /* HomeView.swift in Sources */,
			);
			runOnlyForDeploymentPostprocessing = 0;
		};
/* End PBXSourcesBuildPhase section */

/* Begin XCBuildConfiguration section */
		2C581DA12D90CFBB00F28BF1 /* Debug */ = {
			isa = XCBuildConfiguration;
			buildSettings = {
				ALWAYS_SEARCH_USER_PATHS = NO;
				ASSETCATALOG_COMPILER_GENERATE_SWIFT_ASSET_SYMBOL_EXTENSIONS = YES;
				CLANG_ANALYZER_NONNULL = YES;
				CLANG_ANALYZER_NUMBER_OBJECT_CONVERSION = YES_AGGRESSIVE;
				CLANG_CXX_LANGUAGE_STANDARD = "gnu++20";
				CLANG_ENABLE_MODULES = YES;
				CLANG_ENABLE_OBJC_ARC = YES;
				CLANG_ENABLE_OBJC_WEAK = YES;
				CLANG_WARN_BLOCK_CAPTURE_AUTORELEASING = YES;
				CLANG_WARN_BOOL_CONVERSION = YES;
				CLANG_WARN_COMMA = YES;
				CLANG_WARN_CONSTANT_CONVERSION = YES;
				CLANG_WARN_DEPRECATED_OBJC_IMPLEMENTATIONS = YES;
				CLANG_WARN_DIRECT_OBJC_ISA_USAGE = YES_ERROR;
				CLANG_WARN_DOCUMENTATION_COMMENTS = YES;
				CLANG_WARN_EMPTY_BODY = YES;
				CLANG_WARN_ENUM_CONVERSION = YES;
				CLANG_WARN_INFINITE_RECURSION = YES;
				CLANG_WARN_INT_CONVERSION = YES;
				CLANG_WARN_NON_LITERAL_NULL_CONVERSION = YES;
				CLANG_WARN_OBJC_IMPLICIT_RETAIN_SELF = YES;
				CLANG_WARN_OBJC_LITERAL_CONVERSION = YES;
				CLANG_WARN_OBJC_ROOT_CLASS = YES_ERROR;
				CLANG_WARN_QUOTED_INCLUDE_IN_FRAMEWORK_HEADER = YES;
				CLANG_WARN_RANGE_LOOP_ANALYSIS = YES;
				CLANG_WARN_STRICT_PROTOTYPES = YES;
				CLANG_WARN_SUSPICIOUS_MOVE = YES;
				CLANG_WARN_UNGUARDED_AVAILABILITY = YES_AGGRESSIVE;
				CLANG_WARN_UNREACHABLE_CODE = YES;
				CLANG_WARN__DUPLICATE_METHOD_MATCH = YES;
				COPY_PHASE_STRIP = NO;
				DEBUG_INFORMATION_FORMAT = dwarf;
				ENABLE_STRICT_OBJC_MSGSEND = YES;
				ENABLE_TESTABILITY = YES;
				ENABLE_USER_SCRIPT_SANDBOXING = YES;
				GCC_C_LANGUAGE_STANDARD = gnu17;
				GCC_DYNAMIC_NO_PIC = NO;
				GCC_NO_COMMON_BLOCKS = YES;
				GCC_OPTIMIZATION_LEVEL = 0;
				GCC_PREPROCESSOR_DEFINITIONS = (
					"DEBUG=1",
					"$(inherited)",
				);
				GCC_WARN_64_TO_32_BIT_CONVERSION = YES;
				GCC_WARN_ABOUT_RETURN_TYPE = YES_ERROR;
				GCC_WARN_UNDECLARED_SELECTOR = YES;
				GCC_WARN_UNINITIALIZED_AUTOS = YES_AGGRESSIVE;
				GCC_WARN_UNUSED_FUNCTION = YES;
				GCC_WARN_UNUSED_VARIABLE = YES;
				IPHONEOS_DEPLOYMENT_TARGET = 18.2;
				LOCALIZATION_PREFERS_STRING_CATALOGS = YES;
				MTL_ENABLE_DEBUG_INFO = INCLUDE_SOURCE;
				MTL_FAST_MATH = YES;
				ONLY_ACTIVE_ARCH = YES;
				SDKROOT = iphoneos;
				SWIFT_ACTIVE_COMPILATION_CONDITIONS = "DEBUG $(inherited)";
				SWIFT_OPTIMIZATION_LEVEL = "-Onone";
			};
			name = Debug;
		};
		2C581DA22D90CFBB00F28BF1 /* Release */ = {
			isa = XCBuildConfiguration;
			buildSettings = {
				ALWAYS_SEARCH_USER_PATHS = NO;
				ASSETCATALOG_COMPILER_GENERATE_SWIFT_ASSET_SYMBOL_EXTENSIONS = YES;
				CLANG_ANALYZER_NONNULL = YES;
				CLANG_ANALYZER_NUMBER_OBJECT_CONVERSION = YES_AGGRESSIVE;
				CLANG_CXX_LANGUAGE_STANDARD = "gnu++20";
				CLANG_ENABLE_MODULES = YES;
				CLANG_ENABLE_OBJC_ARC = YES;
				CLANG_ENABLE_OBJC_WEAK = YES;
				CLANG_WARN_BLOCK_CAPTURE_AUTORELEASING = YES;
				CLANG_WARN_BOOL_CONVERSION = YES;
				CLANG_WARN_COMMA = YES;
				CLANG_WARN_CONSTANT_CONVERSION = YES;
				CLANG_WARN_DEPRECATED_OBJC_IMPLEMENTATIONS = YES;
				CLANG_WARN_DIRECT_OBJC_ISA_USAGE = YES_ERROR;
				CLANG_WARN_DOCUMENTATION_COMMENTS = YES;
				CLANG_WARN_EMPTY_BODY = YES;
				CLANG_WARN_ENUM_CONVERSION = YES;
				CLANG_WARN_INFINITE_RECURSION = YES;
				CLANG_WARN_INT_CONVERSION = YES;
				CLANG_WARN_NON_LITERAL_NULL_CONVERSION = YES;
				CLANG_WARN_OBJC_IMPLICIT_RETAIN_SELF = YES;
				CLANG_WARN_OBJC_LITERAL_CONVERSION = YES;
				CLANG_WARN_OBJC_ROOT_CLASS = YES_ERROR;
				CLANG_WARN_QUOTED_INCLUDE_IN_FRAMEWORK_HEADER = YES;
				CLANG_WARN_RANGE_LOOP_ANALYSIS = YES;
				CLANG_WARN_STRICT_PROTOTYPES = YES;
				CLANG_WARN_SUSPICIOUS_MOVE = YES;
				CLANG_WARN_UNGUARDED_AVAILABILITY = YES_AGGRESSIVE;
				CLANG_WARN_UNREACHABLE_CODE = YES;
				CLANG_WARN__DUPLICATE_METHOD_MATCH = YES;
				COPY_PHASE_STRIP = NO;
				DEBUG_INFORMATION_FORMAT = "dwarf-with-dsym";
				ENABLE_NS_ASSERTIONS = NO;
				ENABLE_STRICT_OBJC_MSGSEND = YES;
				ENABLE_USER_SCRIPT_SANDBOXING = YES;
				GCC_C_LANGUAGE_STANDARD = gnu17;
				GCC_NO_COMMON_BLOCKS = YES;
				GCC_WARN_64_TO_32_BIT_CONVERSION = YES;
				GCC_WARN_ABOUT_RETURN_TYPE = YES_ERROR;
				GCC_WARN_UNDECLARED_SELECTOR = YES;
				GCC_WARN_UNINITIALIZED_AUTOS = YES_AGGRESSIVE;
				GCC_WARN_UNUSED_FUNCTION = YES;
				GCC_WARN_UNUSED_VARIABLE = YES;
				IPHONEOS_DEPLOYMENT_TARGET = 18.2;
				LOCALIZATION_PREFERS_STRING_CATALOGS = YES;
				MTL_ENABLE_DEBUG_INFO = NO;
				MTL_FAST_MATH = YES;
				SDKROOT = iphoneos;
				SWIFT_COMPILATION_MODE = wholemodule;
				VALIDATE_PRODUCT = YES;
			};
			name = Release;
		};
		2C581DA42D90CFBB00F28BF1 /* Debug */ = {
			isa = XCBuildConfiguration;
			buildSettings = {
				ASSETCATALOG_COMPILER_APPICON_NAME = AppIcon;
				ASSETCATALOG_COMPILER_GLOBAL_ACCENT_COLOR_NAME = AccentColor;
				CODE_SIGN_STYLE = Automatic;
				CURRENT_PROJECT_VERSION = 1;
				DEVELOPMENT_ASSET_PATHS = "\"AboutMe-Advanced/Preview Content\"";
				DEVELOPMENT_TEAM = 665XP63X44;
				ENABLE_PREVIEWS = YES;
				GENERATE_INFOPLIST_FILE = YES;
				INFOPLIST_KEY_UIApplicationSceneManifest_Generation = YES;
				INFOPLIST_KEY_UIApplicationSupportsIndirectInputEvents = YES;
				INFOPLIST_KEY_UILaunchScreen_Generation = YES;
				INFOPLIST_KEY_UISupportedInterfaceOrientations_iPad = "UIInterfaceOrientationPortrait UIInterfaceOrientationPortraitUpsideDown UIInterfaceOrientationLandscapeLeft UIInterfaceOrientationLandscapeRight";
				INFOPLIST_KEY_UISupportedInterfaceOrientations_iPhone = "UIInterfaceOrientationPortrait UIInterfaceOrientationLandscapeLeft UIInterfaceOrientationLandscapeRight";
				LD_RUNPATH_SEARCH_PATHS = (
					"$(inherited)",
					"@executable_path/Frameworks",
				);
				MARKETING_VERSION = 1.0;
				PRODUCT_BUNDLE_IDENTIFIER = "averyo.AboutMe-Advanced";
				PRODUCT_NAME = "$(TARGET_NAME)";
				SWIFT_EMIT_LOC_STRINGS = YES;
				SWIFT_VERSION = 5.0;
				TARGETED_DEVICE_FAMILY = "1,2";
			};
			name = Debug;
		};
		2C581DA52D90CFBB00F28BF1 /* Release */ = {
			isa = XCBuildConfiguration;
			buildSettings = {
				ASSETCATALOG_COMPILER_APPICON_NAME = AppIcon;
				ASSETCATALOG_COMPILER_GLOBAL_ACCENT_COLOR_NAME = AccentColor;
				CODE_SIGN_STYLE = Automatic;
				CURRENT_PROJECT_VERSION = 1;
				DEVELOPMENT_ASSET_PATHS = "\"AboutMe-Advanced/Preview Content\"";
				DEVELOPMENT_TEAM = 665XP63X44;
				ENABLE_PREVIEWS = YES;
				GENERATE_INFOPLIST_FILE = YES;
				INFOPLIST_KEY_UIApplicationSceneManifest_Generation = YES;
				INFOPLIST_KEY_UIApplicationSupportsIndirectInputEvents = YES;
				INFOPLIST_KEY_UILaunchScreen_Generation = YES;
				INFOPLIST_KEY_UISupportedInterfaceOrientations_iPad = "UIInterfaceOrientationPortrait UIInterfaceOrientationPortraitUpsideDown UIInterfaceOrientationLandscapeLeft UIInterfaceOrientationLandscapeRight";
				INFOPLIST_KEY_UISupportedInterfaceOrientations_iPhone = "UIInterfaceOrientationPortrait UIInterfaceOrientationLandscapeLeft UIInterfaceOrientationLandscapeRight";
				LD_RUNPATH_SEARCH_PATHS = (
					"$(inherited)",
					"@executable_path/Frameworks",
				);
				MARKETING_VERSION = 1.0;
				PRODUCT_BUNDLE_IDENTIFIER = "averyo.AboutMe-Advanced";
				PRODUCT_NAME = "$(TARGET_NAME)";
				SWIFT_EMIT_LOC_STRINGS = YES;
				SWIFT_VERSION = 5.0;
				TARGETED_DEVICE_FAMILY = "1,2";
			};
			name = Release;
		};
/* End XCBuildConfiguration section */

/* Begin XCConfigurationList section */
		2C581D902D90CFBA00F28BF1 /* Build configuration list for PBXProject "AboutMe-Advanced" */ = {
			isa = XCConfigurationList;
			buildConfigurations = (
				2C581DA12D90CFBB00F28BF1 /* Debug */,
				2C581DA22D90CFBB00F28BF1 /* Release */,
			);
			defaultConfigurationIsVisible = 0;
			defaultConfigurationName = Release;
		};
		2C581DA32D90CFBB00F28BF1 /* Build configuration list for PBXNativeTarget "AboutMe-Advanced" */ = {
			isa = XCConfigurationList;
			buildConfigurations = (
				2C581DA42D90CFBB00F28BF1 /* Debug */,
				2C581DA52D90CFBB00F28BF1 /* Release */,
			);
			defaultConfigurationIsVisible = 0;
			defaultConfigurationName = Release;
		};
/* End XCConfigurationList section */
	};
	rootObject = 2C581D8D2D90CFBA00F28BF1 /* Project object */;
}
